// !$*UTF8*$!
{
	archiveVersion = 1;
	classes = {
	};
	objectVersion = 50;
	objects = {

/* Begin PBXBuildFile section */
		6DBD6B3925158B0A004DC368 /* EdutainmentApp.swift in Sources */ = {isa = PBXBuildFile; fileRef = 6DBD6B3825158B0A004DC368 /* EdutainmentApp.swift */; };
		6DBD6B3B25158B0A004DC368 /* ContentView.swift in Sources */ = {isa = PBXBuildFile; fileRef = 6DBD6B3A25158B0A004DC368 /* ContentView.swift */; };
		6DBD6B3D25158B0C004DC368 /* Assets.xcassets in Resources */ = {isa = PBXBuildFile; fileRef = 6DBD6B3C25158B0C004DC368 /* Assets.xcassets */; };
		6DBD6B4025158B0C004DC368 /* Preview Assets.xcassets in Resources */ = {isa = PBXBuildFile; fileRef = 6DBD6B3F25158B0C004DC368 /* Preview Assets.xcassets */; };
		6DBD6B4B25158B0C004DC368 /* EdutainmentTests.swift in Sources */ = {isa = PBXBuildFile; fileRef = 6DBD6B4A25158B0C004DC368 /* EdutainmentTests.swift */; };
		6DBD6B5625158B0C004DC368 /* EdutainmentUITests.swift in Sources */ = {isa = PBXBuildFile; fileRef = 6DBD6B5525158B0C004DC368 /* EdutainmentUITests.swift */; };
/* End PBXBuildFile section */

/* Begin PBXContainerItemProxy section */
		6DBD6B4725158B0C004DC368 /* PBXContainerItemProxy */ = {
			isa = PBXContainerItemProxy;
			containerPortal = 6DBD6B2D25158B0A004DC368 /* Project object */;
			proxyType = 1;
			remoteGlobalIDString = 6DBD6B3425158B0A004DC368;
			remoteInfo = Edutainment;
		};
		6DBD6B5225158B0C004DC368 /* PBXContainerItemProxy */ = {
			isa = PBXContainerItemProxy;
			containerPortal = 6DBD6B2D25158B0A004DC368 /* Project object */;
			proxyType = 1;
			remoteGlobalIDString = 6DBD6B3425158B0A004DC368;
			remoteInfo = Edutainment;
		};
/* End PBXContainerItemProxy section */

/* Begin PBXFileReference section */
		6DBD6B3525158B0A004DC368 /* Edutainment.app */ = {isa = PBXFileReference; explicitFileType = wrapper.application; includeInIndex = 0; path = Edutainment.app; sourceTree = BUILT_PRODUCTS_DIR; };
		6DBD6B3825158B0A004DC368 /* EdutainmentApp.swift */ = {isa = PBXFileReference; lastKnownFileType = sourcecode.swift; path = EdutainmentApp.swift; sourceTree = "<group>"; };
		6DBD6B3A25158B0A004DC368 /* ContentView.swift */ = {isa = PBXFileReference; lastKnownFileType = sourcecode.swift; path = ContentView.swift; sourceTree = "<group>"; };
		6DBD6B3C25158B0C004DC368 /* Assets.xcassets */ = {isa = PBXFileReference; lastKnownFileType = folder.assetcatalog; path = Assets.xcassets; sourceTree = "<group>"; };
		6DBD6B3F25158B0C004DC368 /* Preview Assets.xcassets */ = {isa = PBXFileReference; lastKnownFileType = folder.assetcatalog; path = "Preview Assets.xcassets"; sourceTree = "<group>"; };
		6DBD6B4125158B0C004DC368 /* Info.plist */ = {isa = PBXFileReference; lastKnownFileType = text.plist.xml; path = Info.plist; sourceTree = "<group>"; };
		6DBD6B4625158B0C004DC368 /* EdutainmentTests.xctest */ = {isa = PBXFileReference; explicitFileType = wrapper.cfbundle; includeInIndex = 0; path = EdutainmentTests.xctest; sourceTree = BUILT_PRODUCTS_DIR; };
		6DBD6B4A25158B0C004DC368 /* EdutainmentTests.swift */ = {isa = PBXFileReference; lastKnownFileType = sourcecode.swift; path = EdutainmentTests.swift; sourceTree = "<group>"; };
		6DBD6B4C25158B0C004DC368 /* Info.plist */ = {isa = PBXFileReference; lastKnownFileType = text.plist.xml; path = Info.plist; sourceTree = "<group>"; };
		6DBD6B5125158B0C004DC368 /* EdutainmentUITests.xctest */ = {isa = PBXFileReference; explicitFileType = wrapper.cfbundle; includeInIndex = 0; path = EdutainmentUITests.xctest; sourceTree = BUILT_PRODUCTS_DIR; };
		6DBD6B5525158B0C004DC368 /* EdutainmentUITests.swift */ = {isa = PBXFileReference; lastKnownFileType = sourcecode.swift; path = EdutainmentUITests.swift; sourceTree = "<group>"; };
		6DBD6B5725158B0C004DC368 /* Info.plist */ = {isa = PBXFileReference; lastKnownFileType = text.plist.xml; path = Info.plist; sourceTree = "<group>"; };
/* End PBXFileReference section */

/* Begin PBXFrameworksBuildPhase section */
		6DBD6B3225158B0A004DC368 /* Frameworks */ = {
			isa = PBXFrameworksBuildPhase;
			buildActionMask = 2147483647;
			files = (
			);
			runOnlyForDeploymentPostprocessing = 0;
		};
		6DBD6B4325158B0C004DC368 /* Frameworks */ = {
			isa = PBXFrameworksBuildPhase;
			buildActionMask = 2147483647;
			files = (
			);
			runOnlyForDeploymentPostprocessing = 0;
		};
		6DBD6B4E25158B0C004DC368 /* Frameworks */ = {
			isa = PBXFrameworksBuildPhase;
			buildActionMask = 2147483647;
			files = (
			);
			runOnlyForDeploymentPostprocessing = 0;
		};
/* End PBXFrameworksBuildPhase section */

/* Begin PBXGroup section */
		6DBD6B2C25158B0A004DC368 = {
			isa = PBXGroup;
			children = (
				6DBD6B3725158B0A004DC368 /* Edutainment */,
				6DBD6B4925158B0C004DC368 /* EdutainmentTests */,
				6DBD6B5425158B0C004DC368 /* EdutainmentUITests */,
				6DBD6B3625158B0A004DC368 /* Products */,
			);
			sourceTree = "<group>";
		};
		6DBD6B3625158B0A004DC368 /* Products */ = {
			isa = PBXGroup;
			children = (
				6DBD6B3525158B0A004DC368 /* Edutainment.app */,
				6DBD6B4625158B0C004DC368 /* EdutainmentTests.xctest */,
				6DBD6B5125158B0C004DC368 /* EdutainmentUITests.xctest */,
			);
			name = Products;
			sourceTree = "<group>";
		};
		6DBD6B3725158B0A004DC368 /* Edutainment */ = {
			isa = PBXGroup;
			children = (
				6DBD6B3825158B0A004DC368 /* EdutainmentApp.swift */,
				6DBD6B3A25158B0A004DC368 /* ContentView.swift */,
				6DBD6B3C25158B0C004DC368 /* Assets.xcassets */,
				6DBD6B4125158B0C004DC368 /* Info.plist */,
				6DBD6B3E25158B0C004DC368 /* Preview Content */,
			);
			path = Edutainment;
			sourceTree = "<group>";
		};
		6DBD6B3E25158B0C004DC368 /* Preview Content */ = {
			isa = PBXGroup;
			children = (
				6DBD6B3F25158B0C004DC368 /* Preview Assets.xcassets */,
			);
			path = "Preview Content";
			sourceTree = "<group>";
		};
		6DBD6B4925158B0C004DC368 /* EdutainmentTests */ = {
			isa = PBXGroup;
			children = (
				6DBD6B4A25158B0C004DC368 /* EdutainmentTests.swift */,
				6DBD6B4C25158B0C004DC368 /* Info.plist */,
			);
			path = EdutainmentTests;
			sourceTree = "<group>";
		};
		6DBD6B5425158B0C004DC368 /* EdutainmentUITests */ = {
			isa = PBXGroup;
			children = (
				6DBD6B5525158B0C004DC368 /* EdutainmentUITests.swift */,
				6DBD6B5725158B0C004DC368 /* Info.plist */,
			);
			path = EdutainmentUITests;
			sourceTree = "<group>";
		};
/* End PBXGroup section */

/* Begin PBXNativeTarget section */
		6DBD6B3425158B0A004DC368 /* Edutainment */ = {
			isa = PBXNativeTarget;
			buildConfigurationList = 6DBD6B5A25158B0C004DC368 /* Build configuration list for PBXNativeTarget "Edutainment" */;
			buildPhases = (
				6DBD6B3125158B0A004DC368 /* Sources */,
				6DBD6B3225158B0A004DC368 /* Frameworks */,
				6DBD6B3325158B0A004DC368 /* Resources */,
			);
			buildRules = (
			);
			dependencies = (
			);
			name = Edutainment;
			productName = Edutainment;
			productReference = 6DBD6B3525158B0A004DC368 /* Edutainment.app */;
			productType = "com.apple.product-type.application";
		};
		6DBD6B4525158B0C004DC368 /* EdutainmentTests */ = {
			isa = PBXNativeTarget;
			buildConfigurationList = 6DBD6B5D25158B0C004DC368 /* Build configuration list for PBXNativeTarget "EdutainmentTests" */;
			buildPhases = (
				6DBD6B4225158B0C004DC368 /* Sources */,
				6DBD6B4325158B0C004DC368 /* Frameworks */,
				6DBD6B4425158B0C004DC368 /* Resources */,
			);
			buildRules = (
			);
			dependencies = (
				6DBD6B4825158B0C004DC368 /* PBXTargetDependency */,
			);
			name = EdutainmentTests;
			productName = EdutainmentTests;
			productReference = 6DBD6B4625158B0C004DC368 /* EdutainmentTests.xctest */;
			productType = "com.apple.product-type.bundle.unit-test";
		};
		6DBD6B5025158B0C004DC368 /* EdutainmentUITests */ = {
			isa = PBXNativeTarget;
			buildConfigurationList = 6DBD6B6025158B0C004DC368 /* Build configuration list for PBXNativeTarget "EdutainmentUITests" */;
			buildPhases = (
				6DBD6B4D25158B0C004DC368 /* Sources */,
				6DBD6B4E25158B0C004DC368 /* Frameworks */,
				6DBD6B4F25158B0C004DC368 /* Resources */,
			);
			buildRules = (
			);
			dependencies = (
				6DBD6B5325158B0C004DC368 /* PBXTargetDependency */,
			);
			name = EdutainmentUITests;
			productName = EdutainmentUITests;
			productReference = 6DBD6B5125158B0C004DC368 /* EdutainmentUITests.xctest */;
			productType = "com.apple.product-type.bundle.ui-testing";
		};
/* End PBXNativeTarget section */

/* Begin PBXProject section */
		6DBD6B2D25158B0A004DC368 /* Project object */ = {
			isa = PBXProject;
			attributes = {
				LastSwiftUpdateCheck = 1200;
				LastUpgradeCheck = 1200;
				TargetAttributes = {
					6DBD6B3425158B0A004DC368 = {
						CreatedOnToolsVersion = 12.0;
					};
					6DBD6B4525158B0C004DC368 = {
						CreatedOnToolsVersion = 12.0;
						TestTargetID = 6DBD6B3425158B0A004DC368;
					};
					6DBD6B5025158B0C004DC368 = {
						CreatedOnToolsVersion = 12.0;
						TestTargetID = 6DBD6B3425158B0A004DC368;
					};
				};
			};
			buildConfigurationList = 6DBD6B3025158B0A004DC368 /* Build configuration list for PBXProject "Edutainment" */;
			compatibilityVersion = "Xcode 9.3";
			developmentRegion = en;
			hasScannedForEncodings = 0;
			knownRegions = (
				en,
				Base,
			);
			mainGroup = 6DBD6B2C25158B0A004DC368;
			productRefGroup = 6DBD6B3625158B0A004DC368 /* Products */;
			projectDirPath = "";
			projectRoot = "";
			targets = (
				6DBD6B3425158B0A004DC368 /* Edutainment */,
				6DBD6B4525158B0C004DC368 /* EdutainmentTests */,
				6DBD6B5025158B0C004DC368 /* EdutainmentUITests */,
			);
		};
/* End PBXProject section */

/* Begin PBXResourcesBuildPhase section */
		6DBD6B3325158B0A004DC368 /* Resources */ = {
			isa = PBXResourcesBuildPhase;
			buildActionMask = 2147483647;
			files = (
				6DBD6B4025158B0C004DC368 /* Preview Assets.xcassets in Resources */,
				6DBD6B3D25158B0C004DC368 /* Assets.xcassets in Resources */,
			);
			runOnlyForDeploymentPostprocessing = 0;
		};
		6DBD6B4425158B0C004DC368 /* Resources */ = {
			isa = PBXResourcesBuildPhase;
			buildActionMask = 2147483647;
			files = (
			);
			runOnlyForDeploymentPostprocessing = 0;
		};
		6DBD6B4F25158B0C004DC368 /* Resources */ = {
			isa = PBXResourcesBuildPhase;
			buildActionMask = 2147483647;
			files = (
			);
			runOnlyForDeploymentPostprocessing = 0;
		};
/* End PBXResourcesBuildPhase section */

/* Begin PBXSourcesBuildPhase section */
		6DBD6B3125158B0A004DC368 /* Sources */ = {
			isa = PBXSourcesBuildPhase;
			buildActionMask = 2147483647;
			files = (
				6DBD6B3B25158B0A004DC368 /* ContentView.swift in Sources */,
				6DBD6B3925158B0A004DC368 /* EdutainmentApp.swift in Sources */,
			);
			runOnlyForDeploymentPostprocessing = 0;
		};
		6DBD6B4225158B0C004DC368 /* Sources */ = {
			isa = PBXSourcesBuildPhase;
			buildActionMask = 2147483647;
			files = (
				6DBD6B4B25158B0C004DC368 /* EdutainmentTests.swift in Sources */,
			);
			runOnlyForDeploymentPostprocessing = 0;
		};
		6DBD6B4D25158B0C004DC368 /* Sources */ = {
			isa = PBXSourcesBuildPhase;
			buildActionMask = 2147483647;
			files = (
				6DBD6B5625158B0C004DC368 /* EdutainmentUITests.swift in Sources */,
			);
			runOnlyForDeploymentPostprocessing = 0;
		};
/* End PBXSourcesBuildPhase section */

/* Begin PBXTargetDependency section */
		6DBD6B4825158B0C004DC368 /* PBXTargetDependency */ = {
			isa = PBXTargetDependency;
			target = 6DBD6B3425158B0A004DC368 /* Edutainment */;
			targetProxy = 6DBD6B4725158B0C004DC368 /* PBXContainerItemProxy */;
		};
		6DBD6B5325158B0C004DC368 /* PBXTargetDependency */ = {
			isa = PBXTargetDependency;
			target = 6DBD6B3425158B0A004DC368 /* Edutainment */;
			targetProxy = 6DBD6B5225158B0C004DC368 /* PBXContainerItemProxy */;
		};
/* End PBXTargetDependency section */

/* Begin XCBuildConfiguration section */
		6DBD6B5825158B0C004DC368 /* Debug */ = {
			isa = XCBuildConfiguration;
			buildSettings = {
				ALWAYS_SEARCH_USER_PATHS = NO;
				CLANG_ANALYZER_NONNULL = YES;
				CLANG_ANALYZER_NUMBER_OBJECT_CONVERSION = YES_AGGRESSIVE;
				CLANG_CXX_LANGUAGE_STANDARD = "gnu++14";
				CLANG_CXX_LIBRARY = "libc++";
				CLANG_ENABLE_MODULES = YES;
				CLANG_ENABLE_OBJC_ARC = YES;
				CLANG_ENABLE_OBJC_WEAK = YES;
				CLANG_WARN_BLOCK_CAPTURE_AUTORELEASING = YES;
				CLANG_WARN_BOOL_CONVERSION = YES;
				CLANG_WARN_COMMA = YES;
				CLANG_WARN_CONSTANT_CONVERSION = YES;
				CLANG_WARN_DEPRECATED_OBJC_IMPLEMENTATIONS = YES;
				CLANG_WARN_DIRECT_OBJC_ISA_USAGE = YES_ERROR;
				CLANG_WARN_DOCUMENTATION_COMMENTS = YES;
				CLANG_WARN_EMPTY_BODY = YES;
				CLANG_WARN_ENUM_CONVERSION = YES;
				CLANG_WARN_INFINITE_RECURSION = YES;
				CLANG_WARN_INT_CONVERSION = YES;
				CLANG_WARN_NON_LITERAL_NULL_CONVERSION = YES;
				CLANG_WARN_OBJC_IMPLICIT_RETAIN_SELF = YES;
				CLANG_WARN_OBJC_LITERAL_CONVERSION = YES;
				CLANG_WARN_OBJC_ROOT_CLASS = YES_ERROR;
				CLANG_WARN_QUOTED_INCLUDE_IN_FRAMEWORK_HEADER = YES;
				CLANG_WARN_RANGE_LOOP_ANALYSIS = YES;
				CLANG_WARN_STRICT_PROTOTYPES = YES;
				CLANG_WARN_SUSPICIOUS_MOVE = YES;
				CLANG_WARN_UNGUARDED_AVAILABILITY = YES_AGGRESSIVE;
				CLANG_WARN_UNREACHABLE_CODE = YES;
				CLANG_WARN__DUPLICATE_METHOD_MATCH = YES;
				COPY_PHASE_STRIP = NO;
				DEBUG_INFORMATION_FORMAT = dwarf;
				ENABLE_STRICT_OBJC_MSGSEND = YES;
				ENABLE_TESTABILITY = YES;
				GCC_C_LANGUAGE_STANDARD = gnu11;
				GCC_DYNAMIC_NO_PIC = NO;
				GCC_NO_COMMON_BLOCKS = YES;
				GCC_OPTIMIZATION_LEVEL = 0;
				GCC_PREPROCESSOR_DEFINITIONS = (
					"DEBUG=1",
					"$(inherited)",
				);
				GCC_WARN_64_TO_32_BIT_CONVERSION = YES;
				GCC_WARN_ABOUT_RETURN_TYPE = YES_ERROR;
				GCC_WARN_UNDECLARED_SELECTOR = YES;
				GCC_WARN_UNINITIALIZED_AUTOS = YES_AGGRESSIVE;
				GCC_WARN_UNUSED_FUNCTION = YES;
				GCC_WARN_UNUSED_VARIABLE = YES;
				IPHONEOS_DEPLOYMENT_TARGET = 14.0;
				MTL_ENABLE_DEBUG_INFO = INCLUDE_SOURCE;
				MTL_FAST_MATH = YES;
				ONLY_ACTIVE_ARCH = YES;
				SDKROOT = iphoneos;
				SWIFT_ACTIVE_COMPILATION_CONDITIONS = DEBUG;
				SWIFT_OPTIMIZATION_LEVEL = "-Onone";
			};
			name = Debug;
		};
		6DBD6B5925158B0C004DC368 /* Release */ = {
			isa = XCBuildConfiguration;
			buildSettings = {
				ALWAYS_SEARCH_USER_PATHS = NO;
				CLANG_ANALYZER_NONNULL = YES;
				CLANG_ANALYZER_NUMBER_OBJECT_CONVERSION = YES_AGGRESSIVE;
				CLANG_CXX_LANGUAGE_STANDARD = "gnu++14";
				CLANG_CXX_LIBRARY = "libc++";
				CLANG_ENABLE_MODULES = YES;
				CLANG_ENABLE_OBJC_ARC = YES;
				CLANG_ENABLE_OBJC_WEAK = YES;
				CLANG_WARN_BLOCK_CAPTURE_AUTORELEASING = YES;
				CLANG_WARN_BOOL_CONVERSION = YES;
				CLANG_WARN_COMMA = YES;
				CLANG_WARN_CONSTANT_CONVERSION = YES;
				CLANG_WARN_DEPRECATED_OBJC_IMPLEMENTATIONS = YES;
				CLANG_WARN_DIRECT_OBJC_ISA_USAGE = YES_ERROR;
				CLANG_WARN_DOCUMENTATION_COMMENTS = YES;
				CLANG_WARN_EMPTY_BODY = YES;
				CLANG_WARN_ENUM_CONVERSION = YES;
				CLANG_WARN_INFINITE_RECURSION = YES;
				CLANG_WARN_INT_CONVERSION = YES;
				CLANG_WARN_NON_LITERAL_NULL_CONVERSION = YES;
				CLANG_WARN_OBJC_IMPLICIT_RETAIN_SELF = YES;
				CLANG_WARN_OBJC_LITERAL_CONVERSION = YES;
				CLANG_WARN_OBJC_ROOT_CLASS = YES_ERROR;
				CLANG_WARN_QUOTED_INCLUDE_IN_FRAMEWORK_HEADER = YES;
				CLANG_WARN_RANGE_LOOP_ANALYSIS = YES;
				CLANG_WARN_STRICT_PROTOTYPES = YES;
				CLANG_WARN_SUSPICIOUS_MOVE = YES;
				CLANG_WARN_UNGUARDED_AVAILABILITY = YES_AGGRESSIVE;
				CLANG_WARN_UNREACHABLE_CODE = YES;
				CLANG_WARN__DUPLICATE_METHOD_MATCH = YES;
				COPY_PHASE_STRIP = NO;
				DEBUG_INFORMATION_FORMAT = "dwarf-with-dsym";
				ENABLE_NS_ASSERTIONS = NO;
				ENABLE_STRICT_OBJC_MSGSEND = YES;
				GCC_C_LANGUAGE_STANDARD = gnu11;
				GCC_NO_COMMON_BLOCKS = YES;
				GCC_WARN_64_TO_32_BIT_CONVERSION = YES;
				GCC_WARN_ABOUT_RETURN_TYPE = YES_ERROR;
				GCC_WARN_UNDECLARED_SELECTOR = YES;
				GCC_WARN_UNINITIALIZED_AUTOS = YES_AGGRESSIVE;
				GCC_WARN_UNUSED_FUNCTION = YES;
				GCC_WARN_UNUSED_VARIABLE = YES;
				IPHONEOS_DEPLOYMENT_TARGET = 14.0;
				MTL_ENABLE_DEBUG_INFO = NO;
				MTL_FAST_MATH = YES;
				SDKROOT = iphoneos;
				SWIFT_COMPILATION_MODE = wholemodule;
				SWIFT_OPTIMIZATION_LEVEL = "-O";
				VALIDATE_PRODUCT = YES;
			};
			name = Release;
		};
		6DBD6B5B25158B0C004DC368 /* Debug */ = {
			isa = XCBuildConfiguration;
			buildSettings = {
				ASSETCATALOG_COMPILER_APPICON_NAME = AppIcon;
				ASSETCATALOG_COMPILER_GLOBAL_ACCENT_COLOR_NAME = AccentColor;
				CODE_SIGN_STYLE = Automatic;
				DEVELOPMENT_ASSET_PATHS = "\"Edutainment/Preview Content\"";
				ENABLE_PREVIEWS = YES;
				INFOPLIST_FILE = Edutainment/Info.plist;
				IPHONEOS_DEPLOYMENT_TARGET = 14.0;
				LD_RUNPATH_SEARCH_PATHS = (
					"$(inherited)",
					"@executable_path/Frameworks",
				);
				PRODUCT_BUNDLE_IDENTIFIER = com.rafaelcalunga.Edutainment;
				PRODUCT_NAME = "$(TARGET_NAME)";
				SWIFT_VERSION = 5.0;
				TARGETED_DEVICE_FAMILY = "1,2";
			};
			name = Debug;
		};
		6DBD6B5C25158B0C004DC368 /* Release */ = {
			isa = XCBuildConfiguration;
			buildSettings = {
				ASSETCATALOG_COMPILER_APPICON_NAME = AppIcon;
				ASSETCATALOG_COMPILER_GLOBAL_ACCENT_COLOR_NAME = AccentColor;
				CODE_SIGN_STYLE = Automatic;
				DEVELOPMENT_ASSET_PATHS = "\"Edutainment/Preview Content\"";
				ENABLE_PREVIEWS = YES;
				INFOPLIST_FILE = Edutainment/Info.plist;
				IPHONEOS_DEPLOYMENT_TARGET = 14.0;
				LD_RUNPATH_SEARCH_PATHS = (
					"$(inherited)",
					"@executable_path/Frameworks",
				);
				PRODUCT_BUNDLE_IDENTIFIER = com.rafaelcalunga.Edutainment;
				PRODUCT_NAME = "$(TARGET_NAME)";
				SWIFT_VERSION = 5.0;
				TARGETED_DEVICE_FAMILY = "1,2";
			};
			name = Release;
		};
		6DBD6B5E25158B0C004DC368 /* Debug */ = {
			isa = XCBuildConfiguration;
			buildSettings = {
				ALWAYS_EMBED_SWIFT_STANDARD_LIBRARIES = YES;
				BUNDLE_LOADER = "$(TEST_HOST)";
				CODE_SIGN_STYLE = Automatic;
				INFOPLIST_FILE = EdutainmentTests/Info.plist;
				IPHONEOS_DEPLOYMENT_TARGET = 14.0;
				LD_RUNPATH_SEARCH_PATHS = (
					"$(inherited)",
					"@executable_path/Frameworks",
					"@loader_path/Frameworks",
				);
				PRODUCT_BUNDLE_IDENTIFIER = com.rafaelcalunga.EdutainmentTests;
				PRODUCT_NAME = "$(TARGET_NAME)";
				SWIFT_VERSION = 5.0;
				TARGETED_DEVICE_FAMILY = "1,2";
				TEST_HOST = "$(BUILT_PRODUCTS_DIR)/Edutainment.app/Edutainment";
			};
			name = Debug;
		};
		6DBD6B5F25158B0C004DC368 /* Release */ = {
			isa = XCBuildConfiguration;
			buildSettings = {
				ALWAYS_EMBED_SWIFT_STANDARD_LIBRARIES = YES;
				BUNDLE_LOADER = "$(TEST_HOST)";
				CODE_SIGN_STYLE = Automatic;
				INFOPLIST_FILE = EdutainmentTests/Info.plist;
				IPHONEOS_DEPLOYMENT_TARGET = 14.0;
				LD_RUNPATH_SEARCH_PATHS = (
					"$(inherited)",
					"@executable_path/Frameworks",
					"@loader_path/Frameworks",
				);
				PRODUCT_BUNDLE_IDENTIFIER = com.rafaelcalunga.EdutainmentTests;
				PRODUCT_NAME = "$(TARGET_NAME)";
				SWIFT_VERSION = 5.0;
				TARGETED_DEVICE_FAMILY = "1,2";
				TEST_HOST = "$(BUILT_PRODUCTS_DIR)/Edutainment.app/Edutainment";
			};
			name = Release;
		};
		6DBD6B6125158B0C004DC368 /* Debug */ = {
			isa = XCBuildConfiguration;
			buildSettings = {
				ALWAYS_EMBED_SWIFT_STANDARD_LIBRARIES = YES;
				CODE_SIGN_STYLE = Automatic;
				INFOPLIST_FILE = EdutainmentUITests/Info.plist;
				LD_RUNPATH_SEARCH_PATHS = (
					"$(inherited)",
					"@executable_path/Frameworks",
					"@loader_path/Frameworks",
				);
				PRODUCT_BUNDLE_IDENTIFIER = com.rafaelcalunga.EdutainmentUITests;
				PRODUCT_NAME = "$(TARGET_NAME)";
				SWIFT_VERSION = 5.0;
				TARGETED_DEVICE_FAMILY = "1,2";
				TEST_TARGET_NAME = Edutainment;
			};
			name = Debug;
		};
		6DBD6B6225158B0C004DC368 /* Release */ = {
			isa = XCBuildConfiguration;
			buildSettings = {
				ALWAYS_EMBED_SWIFT_STANDARD_LIBRARIES = YES;
				CODE_SIGN_STYLE = Automatic;
				INFOPLIST_FILE = EdutainmentUITests/Info.plist;
				LD_RUNPATH_SEARCH_PATHS = (
					"$(inherited)",
					"@executable_path/Frameworks",
					"@loader_path/Frameworks",
				);
				PRODUCT_BUNDLE_IDENTIFIER = com.rafaelcalunga.EdutainmentUITests;
				PRODUCT_NAME = "$(TARGET_NAME)";
				SWIFT_VERSION = 5.0;
				TARGETED_DEVICE_FAMILY = "1,2";
				TEST_TARGET_NAME = Edutainment;
			};
			name = Release;
		};
/* End XCBuildConfiguration section */

/* Begin XCConfigurationList section */
		6DBD6B3025158B0A004DC368 /* Build configuration list for PBXProject "Edutainment" */ = {
			isa = XCConfigurationList;
			buildConfigurations = (
				6DBD6B5825158B0C004DC368 /* Debug */,
				6DBD6B5925158B0C004DC368 /* Release */,
			);
			defaultConfigurationIsVisible = 0;
			defaultConfigurationName = Release;
		};
		6DBD6B5A25158B0C004DC368 /* Build configuration list for PBXNativeTarget "Edutainment" */ = {
			isa = XCConfigurationList;
			buildConfigurations = (
				6DBD6B5B25158B0C004DC368 /* Debug */,
				6DBD6B5C25158B0C004DC368 /* Release */,
			);
			defaultConfigurationIsVisible = 0;
			defaultConfigurationName = Release;
		};
		6DBD6B5D25158B0C004DC368 /* Build configuration list for PBXNativeTarget "EdutainmentTests" */ = {
			isa = XCConfigurationList;
			buildConfigurations = (
				6DBD6B5E25158B0C004DC368 /* Debug */,
				6DBD6B5F25158B0C004DC368 /* Release */,
			);
			defaultConfigurationIsVisible = 0;
			defaultConfigurationName = Release;
		};
		6DBD6B6025158B0C004DC368 /* Build configuration list for PBXNativeTarget "EdutainmentUITests" */ = {
			isa = XCConfigurationList;
			buildConfigurations = (
				6DBD6B6125158B0C004DC368 /* Debug */,
				6DBD6B6225158B0C004DC368 /* Release */,
			);
			defaultConfigurationIsVisible = 0;
			defaultConfigurationName = Release;
		};
/* End XCConfigurationList section */
	};
	rootObject = 6DBD6B2D25158B0A004DC368 /* Project object */;
}
